<?xml version="1.0" encoding="utf-8"?>
<Project ToolsVersion="18.0" xmlns="http://schemas.microsoft.com/developer/msbuild/2003">
  <ItemGroup>
    <ClCompile Include="C:\Users\jvpts\Documents\GitHub\LDP3\src\studio\main.cpp">
      <Filter>Source Files</Filter>
    </ClCompile>
    <ClCompile Include="C:\Users\jvpts\Documents\GitHub\LDP3\src\studio\screens.cpp">
      <Filter>Source Files</Filter>
    </ClCompile>
    <ClCompile Include="C:\Users\jvpts\Documents\GitHub\LDP3\src\studio\engine.cpp">
      <Filter>Source Files</Filter>
    </ClCompile>
  </ItemGroup>
  <ItemGroup>
    <CustomBuild Include="C:\Users\jvpts\Documents\GitHub\LDP3\CMakeLists.txt" />
  </ItemGroup>
  <ItemGroup>
    <Filter Include="Source Files">
      <UniqueIdentifier>{02A40931-5D1B-30B5-BEE2-947862056D91}</UniqueIdentifier>
    </Filter>
  </ItemGroup>
</Project>
