<?xml version="1.0" encoding="utf-8"?>
<Project ToolsVersion="18.0" xmlns="http://schemas.microsoft.com/developer/msbuild/2003">
  <ItemGroup>
    <ClCompile Include="C:\Users\jvpts\Documents\GitHub\LDP3\src\lexer\token.cpp">
      <Filter>Source Files</Filter>
    </ClCompile>
    <ClCompile Include="C:\Users\jvpts\Documents\GitHub\LDP3\src\lexer\lexer.cpp">
      <Filter>Source Files</Filter>
    </ClCompile>
    <ClCompile Include="C:\Users\jvpts\Documents\GitHub\LDP3\src\parser\ast.cpp">
      <Filter>Source Files</Filter>
    </ClCompile>
    <ClCompile Include="C:\Users\jvpts\Documents\GitHub\LDP3\src\parser\parser.cpp">
      <Filter>Source Files</Filter>
    </ClCompile>
    <ClCompile Include="C:\Users\jvpts\Documents\GitHub\LDP3\src\parser\monomorphize.cpp">
      <Filter>Source Files</Filter>
    </ClCompile>
    <ClCompile Include="C:\Users\jvpts\Documents\GitHub\LDP3\src\parser\ipc.cpp">
      <Filter>Source Files</Filter>
    </ClCompile>
    <ClCompile Include="C:\Users\jvpts\Documents\GitHub\LDP3\src\parser\loopopt.cpp">
      <Filter>Source Files</Filter>
    </ClCompile>
    <ClCompile Include="C:\Users\jvpts\Documents\GitHub\LDP3\src\parser\boundscheck.cpp">
      <Filter>Source Files</Filter>
    </ClCompile>
    <ClCompile Include="C:\Users\jvpts\Documents\GitHub\LDP3\src\parser\transformers.cpp">
      <Filter>Source Files</Filter>
    </ClCompile>
    <ClCompile Include="C:\Users\jvpts\Documents\GitHub\LDP3\src\semantic\analyzer.cpp">
      <Filter>Source Files</Filter>
    </ClCompile>
    <ClCompile Include="C:\Users\jvpts\Documents\GitHub\LDP3\src\semantic\analyzer_typeof.cpp">
      <Filter>Source Files</Filter>
    </ClCompile>
    <ClCompile Include="C:\Users\jvpts\Documents\GitHub\LDP3\src\semantic\analyzer_stmt.cpp">
      <Filter>Source Files</Filter>
    </ClCompile>
    <ClCompile Include="C:\Users\jvpts\Documents\GitHub\LDP3\src\semantic\semutil.cpp">
      <Filter>Source Files</Filter>
    </ClCompile>
    <ClCompile Include="C:\Users\jvpts\Documents\GitHub\LDP3\src\semantic\comptime.cpp">
      <Filter>Source Files</Filter>
    </ClCompile>
    <ClCompile Include="C:\Users\jvpts\Documents\GitHub\LDP3\src\semantic\asmcheck.cpp">
      <Filter>Source Files</Filter>
    </ClCompile>
    <ClCompile Include="C:\Users\jvpts\Documents\GitHub\LDP3\src\semantic\implicitthis.cpp">
      <Filter>Source Files</Filter>
    </ClCompile>
    <ClCompile Include="C:\Users\jvpts\Documents\GitHub\LDP3\src\semantic\layouts.cpp">
      <Filter>Source Files</Filter>
    </ClCompile>
    <ClCompile Include="C:\Users\jvpts\Documents\GitHub\LDP3\src\diag\catalog.cpp">
      <Filter>Source Files</Filter>
    </ClCompile>
    <ClCompile Include="C:\Users\jvpts\Documents\GitHub\LDP3\src\diag\render.cpp">
      <Filter>Source Files</Filter>
    </ClCompile>
    <ClCompile Include="C:\Users\jvpts\Documents\GitHub\LDP3\src\bundle\polh.cpp">
      <Filter>Source Files</Filter>
    </ClCompile>
    <ClCompile Include="C:\Users\jvpts\Documents\GitHub\LDP3\src\bundle\polb.cpp">
      <Filter>Source Files</Filter>
    </ClCompile>
    <ClCompile Include="C:\Users\jvpts\Documents\GitHub\LDP3\src\doc\htmldoc.cpp">
      <Filter>Source Files</Filter>
    </ClCompile>
    <ClCompile Include="C:\Users\jvpts\Documents\GitHub\LDP3\src\fmt\formatter.cpp">
      <Filter>Source Files</Filter>
    </ClCompile>
    <ClCompile Include="C:\Users\jvpts\Documents\GitHub\LDP3\src\codegen\codegen.cpp">
      <Filter>Source Files</Filter>
    </ClCompile>
    <ClCompile Include="C:\Users\jvpts\Documents\GitHub\LDP3\src\codegen\codegen_call.cpp">
      <Filter>Source Files</Filter>
    </ClCompile>
    <ClCompile Include="C:\Users\jvpts\Documents\GitHub\LDP3\src\codegen\codegen_expr.cpp">
      <Filter>Source Files</Filter>
    </ClCompile>
    <ClCompile Include="C:\Users\jvpts\Documents\GitHub\LDP3\src\codegen\codegen_stmt.cpp">
      <Filter>Source Files</Filter>
    </ClCompile>
    <ClCompile Include="C:\Users\jvpts\Documents\GitHub\LDP3\src\codegen\codegen_types.cpp">
      <Filter>Source Files</Filter>
    </ClCompile>
    <ClCompile Include="C:\Users\jvpts\Documents\GitHub\LDP3\src\codegen\codegen_layout.cpp">
      <Filter>Source Files</Filter>
    </ClCompile>
    <ClCompile Include="C:\Users\jvpts\Documents\GitHub\LDP3\src\codegen\codegen_emit.cpp">
      <Filter>Source Files</Filter>
    </ClCompile>
    <ClCompile Include="C:\Users\jvpts\Documents\GitHub\LDP3\src\codegen\codegen_module.cpp">
      <Filter>Source Files</Filter>
    </ClCompile>
    <ClCompile Include="C:\Users\jvpts\Documents\GitHub\LDP3\src\codegen\codegen_entry.cpp">
      <Filter>Source Files</Filter>
    </ClCompile>
    <ClCompile Include="C:\Users\jvpts\Documents\GitHub\LDP3\src\codegen\cgutil.cpp">
      <Filter>Source Files</Filter>
    </ClCompile>
  </ItemGroup>
  <ItemGroup>
    <CustomBuild Include="C:\Users\jvpts\Documents\GitHub\LDP3\CMakeLists.txt" />
  </ItemGroup>
  <ItemGroup>
    <Filter Include="Source Files">
      <UniqueIdentifier>{02A40931-5D1B-30B5-BEE2-947862056D91}</UniqueIdentifier>
    </Filter>
  </ItemGroup>
</Project>
