<?xml version="1.0" encoding="utf-8"?>
<Project ToolsVersion="18.0" xmlns="http://schemas.microsoft.com/developer/msbuild/2003">
  <ItemGroup>
    <CustomBuild Include="C:\Users\jvpts\Documents\GitHub\LDP3\build2\CMakeFiles\79acbe53b935d9b31fd817f8f5b49aef\prelude_source.h.rule">
      <Filter>CMake Rules</Filter>
    </CustomBuild>
    <CustomBuild Include="C:\Users\jvpts\Documents\GitHub\LDP3\build2\CMakeFiles\2c8a28998e5678d69ebfc979f4326f50\polaron_prelude.rule">
      <Filter>CMake Rules</Filter>
    </CustomBuild>
    <CustomBuild Include="C:\Users\jvpts\Documents\GitHub\LDP3\CMakeLists.txt" />
  </ItemGroup>
  <ItemGroup>
    <None Include="C:\Users\jvpts\Documents\GitHub\LDP3\build2\CMakeFiles\polaron_prelude" />
  </ItemGroup>
  <ItemGroup>
    <Filter Include="CMake Rules">
      <UniqueIdentifier>{111DCB4C-ED5C-341A-9E75-E1D2556680A9}</UniqueIdentifier>
    </Filter>
  </ItemGroup>
</Project>
