<?xml version="1.0" encoding="utf-8"?>
<Project ToolsVersion="18.0" xmlns="http://schemas.microsoft.com/developer/msbuild/2003">
  <ItemGroup>
    <ClCompile Include="C:\Users\jvpts\Documents\GitHub\LDP3\src\cli\main.cpp">
      <Filter>Source Files</Filter>
    </ClCompile>
  </ItemGroup>
  <ItemGroup>
    <ClInclude Include="C:\Users\jvpts\Documents\GitHub\LDP3\build2\generated\prelude_source.h">
      <Filter>Header Files</Filter>
    </ClInclude>
  </ItemGroup>
  <ItemGroup>
    <CustomBuild Include="C:\Users\jvpts\Documents\GitHub\LDP3\CMakeLists.txt" />
  </ItemGroup>
  <ItemGroup>
    <Filter Include="CMake Rules">
      <UniqueIdentifier>{111DCB4C-ED5C-341A-9E75-E1D2556680A9}</UniqueIdentifier>
    </Filter>
    <Filter Include="Header Files">
      <UniqueIdentifier>{5C841638-948E-3F88-9C2D-EBEFE3B5121F}</UniqueIdentifier>
    </Filter>
    <Filter Include="Source Files">
      <UniqueIdentifier>{02A40931-5D1B-30B5-BEE2-947862056D91}</UniqueIdentifier>
    </Filter>
  </ItemGroup>
</Project>
